github.com/Goldziher/go-utils v1.9.1 h1:2VvJvsf1EsjZtkFPRJJ/3nAKw3dSj0vEVmu8nlSfwv4=
github.com/Goldziher/go-utils v1.9.1/go.mod h1:+OU8ehlKYd9O2BxaMJXrfXLi+QQQJdTYEPiqhkheaFo=
github.com/aymanbagabas/go-osc52/v2 v2.0.1 h1:HwpRHbFMcZLEVr42D4p7XBqjyuxQH5SMiErDT4WkJ2k=
github.com/aymanbagabas/go-osc52/v2 v2.0.1/go.mod h1:uYgXzlJ7ZpABp8OJ+exZzJJhRNQ2ASbcXHWsFqH8hp8=
github.com/charmbracelet/bubbletea v1.3.10 h1:otUDHWMMzQSB0Pkc87rm691KZ3SWa4KUlvF9nRvCICw=
github.com/charmbracelet/bubbletea v1.3.10/go.mod h1:ORQfo0fk8U+po9VaNvnV95UPWA1BitP1E0N6xJPlHr4=
github.com/charmbracelet/colorprofile v0.2.3-0.20250311203215-f60798e515dc h1:4pZI35227imm7yK2bGPcfpFEmuY1gc2YSTShr4iJBfs=
github.com/charmbracelet/colorprofile v0.2.3-0.20250311203215-f60798e515dc/go.mod h1:X4/0JoqgTIPSFcRA/P6INZzIuyqdFY5rm8tb41s9okk=
github.com/charmbracelet/lipgloss v1.1.0 h1:vYXsiLHVkK7fp74RkV7b2kq9+zDLoEU4MZoFqR/noCY=
github.com/charmbracelet/lipgloss v1.1.0/go.mod h1:/6Q8FR2o+kj8rz4Dq0zQc3vYf7X+B0binUUBwA0aL30=
github.com/charmbracelet/x/ansi v0.10.1 h1:rL3Koar5XvX0pHGfovN03f5cxLbCF2YvLeyz7D2jVDQ=
github.com/charmbracelet/x/ansi v0.10.1/go.mod h1:3RQDQ6lDnROptfpWuUVIUG64bD2g2BgntdxH0Ya5TeE=
github.com/charmbracelet/x/cellbuf v0.0.13-0.20250311204145-2c3ea96c31dd h1:vy0GVL4jeHEwG5YOXDmi86oYw2yuYUGqz6a8sLwg0X8=
github.com/charmbracelet/x/cellbuf v0.0.13-0.20250311204145-2c3ea96c31dd/go.mod h1:xe0nKWGd3eJgtqZRaN9RjMtK7xUYchjzPr7q6kcvCCs=
github.com/charmbracelet/x/term v0.2.1 h1:AQeHeLZ1OqSXhrAWpYUtZyX1T3zVxfpZuEQMIQaGIAQ=
github.com/charmbracelet/x/term v0.2.1/go.mod h1:oQ4enTYFV7QN4m0i9mzHrViD7TQKvNEEkHUMCmsxdUg=
github.com/davecgh/go-spew v1.1.1 h1:vj9j/u1bqnvCEfJOwUhtlOARqs3+rkHYY13jYWTU97c=
github.com/davecgh/go-spew v1.1.1/go.mod h1:J7Y8YcW2NihsgmVo/mv3lAwl/skON4iLHjSsI+c5H38=
github.com/erikgeiser/coninput v0.0.0-20211004153227-1c3628e74d0f h1:Y/CXytFA4m6baUTXGLOoWe4PQhGxaX0KpnayAqC48p4=
github.com/erikgeiser/coninput v0.0.0-20211004153227-1c3628e74d0f/go.mod h1:vw97MGsxSvLiUE2X8qFplwetxpGLQrlU1Q9AUEIzCaM=
github.com/lucasb-eyer/go-colorful v1.2.0 h1:1nnpGOrhyZZuNyfu1QjKiUICQ74+3FNCN69Aj6K7nkY=
github.com/lucasb-eyer/go-colorful v1.2.0/go.mod h1:R4dSotOR9KMtayYi1e77YzuveK+i7ruzyGqttikkLy0=
github.com/mattn/go-colorable v0.1.14 h1:9A9LHSqF/7dyVVX6g0U9cwm9pG3kP9gSzcuIPHPsaIE=
github.com/mattn/go-colorable v0.1.14/go.mod h1:6LmQG8QLFO4G5z1gPvYEzlUgJ2wF+stgPZH1UqBm1s8=
github.com/mattn/go-isatty v0.0.20 h1:xfD0iDuEKnDkl03q4limB+vH+GxLEtL/jb4xVJSWWEY=
github.com/mattn/go-isatty v0.0.20/go.mod h1:W+V8PltTTMOvKvAeJH7IuucS94S2C6jfK/D7dTCTo3Y=
github.com/mattn/go-localereader v0.0.1 h1:ygSAOl7ZXTx4RdPYinUpg6W99U8jWvWi9Ye2JC/oIi4=
github.com/mattn/go-localereader v0.0.1/go.mod h1:8fBrzywKY7BI3czFoHkuzRoWE9C+EiG4R1k4Cjx5p88=
github.com/mattn/go-runewidth v0.0.16 h1:E5ScNMtiwvlvB5paMFdw9p4kSQzbXFikJ5SQO6TULQc=
github.com/mattn/go-runewidth v0.0.16/go.mod h1:Jdepj2loyihRzMpdS35Xk/zdY8IAYHsh153qUoGf23w=
github.com/muesli/ansi v0.0.0-20230316100256-276c6243b2f6 h1:ZK8zHtRHOkbHy6Mmr5D264iyp3TiX5OmNcI5cIARiQI=
github.com/muesli/ansi v0.0.0-20230316100256-276c6243b2f6/go.mod h1:CJlz5H+gyd6CUWT45Oy4q24RdLyn7Md9Vj2/ldJBSIo=
github.com/muesli/cancelreader v0.2.2 h1:3I4Kt4BQjOR54NavqnDogx/MIoWBFa0StPA8ELUXHmA=
github.com/muesli/cancelreader v0.2.2/go.mod h1:3XuTXfFS2VjM+HTLZY9Ak0l6eUKfijIfMUZ4EgX0QYo=
github.com/muesli/termenv v0.16.0 h1:S5AlUN9dENB57rsbnkPyfdGuWIlkmzJjbFf0Tf5FWUc=
github.com/muesli/termenv v0.16.0/go.mod h1:ZRfOIKPFDYQoDFF4Olj7/QJbW60Ol/kL1pU3VfY/Cnk=
github.com/nmiyake/pkg/dirs v1.1.0 h1:qyTzK3bTqAJfekQcU6vlydM/YRxhHsv6MiRFEwTkJcw=
github.com/nmiyake/pkg/dirs v1.1.0/go.mod h1:lGSUDZPexhLt+aWYfPHXsqnt+HFr2l/+lbEMWUhdZ/U=
github.com/openzipkin/zipkin-go v0.4.3 h1:9EGwpqkgnwdEIJ+Od7QVSEIH+ocmm5nPat0G7sjsSdg=
github.com/openzipkin/zipkin-go v0.4.3/go.mod h1:M9wCJZFWCo2RiY+o1eBCEMe0Dp2S5LDHcMZmk3RmK7c=
github.com/palantir/pkg v1.1.0 h1:0EhrSUP8oeeh3MUvk7V/UU7WmsN1UiJNTvNj0sN9Cpo=
github.com/palantir/pkg v1.1.0/go.mod h1:KC9srP/9ssWRxBxFCIqhUGC4Jt7OJkWRz0Iqehup1/c=
github.com/palantir/pkg/datetime v1.3.0 h1:w+Lk6NNxFLwN51wJsVvIZ8neoYcR3ITYtXRhwI1Qyt0=
github.com/palantir/pkg/datetime v1.3.0/go.mod h1:ntQD52iX/eKa2qnALtKT8p1LQTbgxGu0CK5O4PVCgOQ=
github.com/palantir/pkg/objmatcher v1.2.0 h1:cR0IX2NXAhR1hRFBFUwA7y/+m4CtpXUCm5tabqdvS6I=
github.com/palantir/pkg/objmatcher v1.2.0/go.mod h1:ekDpUDezSoBcD47CUWo9xbYTGycIkiM2ODvxHCUR+lQ=
github.com/palantir/pkg/rid v1.2.0 h1:sEdklNKk4hrDm0JsUyICYakbc+16GrC6pYxMFjfqXkE=
github.com/palantir/pkg/rid v1.2.0/go.mod h1:W+w31R+a/6RzShEybZfbu86sOMcg+hR2h/KmoSDu2kQ=
github.com/palantir/pkg/safejson v1.2.0 h1:mNARH/UdpeDjHSUujUYXSqe4Rclul53xle2CLm6UG34=
github.com/palantir/pkg/safejson v1.2.0/go.mod h1:Pmxy4EUrfp5sSji5IhNySUKhEyaZw85SoOzag/lzsYg=
github.com/palantir/pkg/safelong v1.3.0 h1:0PL39zwIPrGjGaEK1Lg7uqakTakB00dQwVf0LsowW0Q=
github.com/palantir/pkg/safelong v1.3.0/go.mod h1:KEMQTEZfl1BDJA4FWAR6sTKqzgeDVx9zIeFHSggA634=
github.com/palantir/pkg/safeyaml v1.2.0 h1:5IbhlQstu0JC4STfWvLiWex47sFtBHzxjEYbckpjEcY=
github.com/palantir/pkg/safeyaml v1.2.0/go.mod h1:lcCo9iTDCRwrWJS79kF/zY3H8BGbrD+Sdb6TADK4nHI=
github.com/palantir/pkg/transform v1.2.0 h1:ngTydiV5SUG9mfGxkYk1tH3Xi3vsohjqYqW8SxhqjJ0=
github.com/palantir/pkg/transform v1.2.0/go.mod h1:p5lGLs0ah/iyB31ODlWIMp0SZibQV6HxSyJaM1L26dw=
github.com/palantir/pkg/uuid v1.3.0 h1:ubiwfGpl1vTdrVmzXhRc1PVHD8/y60fT1QPwmziCETM=
github.com/palantir/pkg/uuid v1.3.0/go.mod h1:OdOoLEDUu9LHBM2bdvyDXJ2IfH9gorI12ZMaaQu6zIo=
github.com/palantir/witchcraft-go-error v1.42.0 h1:uQlWLAn6MSvj4JkOJeh9rAzPbkflOw1s7O1utVy6giw=
github.com/palantir/witchcraft-go-error v1.42.0/go.mod h1:VGIRpvW3a6tzWMyIM1vwPglDdz5I3Gy5NGxkSYlgSf0=
github.com/palantir/witchcraft-go-logging v1.64.0 h1:ad4Ri59QcwK22Wsd5C4X73B5GOQ/8xKdkJQgvLUDfWY=
github.com/palantir/witchcraft-go-logging v1.64.0/go.mod h1:Ayq95yIBTHSMQK8b0dNjqAhxvE4En/madBH7WvAaoL8=
github.com/palantir/witchcraft-go-params v1.39.0 h1:Ucz9wY9CmF7ItG7P0juw3MXp0nCZMR+bR7QPWV/i4O8=
github.com/palantir/witchcraft-go-params v1.39.0/go.mod h1:YzqUGbLRvIEg8NeJMenPouHrWuUmrlylMyJooe5lAWY=
github.com/palantir/witchcraft-go-tracing v1.41.0 h1:L3pZd7lsZR5rBAzWJ/FAyAo79JlQwxB7Uk6NSL7hrOI=
github.com/palantir/witchcraft-go-tracing v1.41.0/go.mod h1:Gx4Rej9xS+vNxZgkbBLZd7sYwUvKhz77kGu5w80ZElc=
github.com/pmezard/go-difflib v1.0.0 h1:4DBwDE0NGyQoBHbLQYPwSUPoCMWR5BEzIk/f1lZbAQM=
github.com/pmezard/go-difflib v1.0.0/go.mod h1:iKH77koFhYxTK1pcRnkKkqfTogsbg7gZNVY4sRDYZ/4=
github.com/rivo/uniseg v0.2.0/go.mod h1:J6wj4VEh+S6ZtnVlnTBMWIodfgj8LQOQFoIToxlJtxc=
github.com/rivo/uniseg v0.4.7 h1:WUdvkW8uEhrYfLC4ZzdpI2ztxP1I582+49Oc5Mq64VQ=
github.com/rivo/uniseg v0.4.7/go.mod h1:FN3SvrM+Zdj16jyLfmOkMNblXMcoc8DfTHruCPUcx88=
github.com/rs/zerolog v1.34.0 h1:k43nTLIwcTVQAncfCw4KZ2VY6ukYoZaBPNOE8txlOeY=
github.com/rs/zerolog v1.34.0/go.mod h1:bJsvje4Z08ROH4Nhs5iH600c3IkWhwp44iRc54W6wYQ=
github.com/stretchr/testify v1.11.1 h1:7s2iGBzp5EwR7/aIZr8ao5+dra3wiQyKjjFuvgVKu7U=
github.com/stretchr/testify v1.11.1/go.mod h1:wZwfW3scLgRK+23gO65QZefKpKQRnfz6sD981Nm4B6U=
github.com/xo/terminfo v0.0.0-20220910002029-abceb7e1c41e h1:JVG44RsyaB9T2KIHavMF/ppJZNG9ZpyihvCd0w101no=
github.com/xo/terminfo v0.0.0-20220910002029-abceb7e1c41e/go.mod h1:RbqR21r5mrJuqunuUZ/Dhy/avygyECGrLceyNeo4LiM=
go.uber.org/goleak v1.3.0 h1:2K3zAYmnTNqV73imy9J1T3WC+gmCePx2hEGkimedGto=
go.uber.org/goleak v1.3.0/go.mod h1:CoHD4mav9JJNrW/WLlf7HGZPjdw8EucARQHekz1X6bE=
go.uber.org/multierr v1.11.0 h1:blXXJkSxSSfBVBlC76pxqeO+LN3aDfLQo+309xJstO0=
go.uber.org/multierr v1.11.0/go.mod h1:20+QtiLqy0Nd6FdQB9TLXag12DsQkrbs3htMFfDN80Y=
go.uber.org/zap v1.27.1 h1:08RqriUEv8+ArZRYSTXy1LeBScaMpVSTBhCeaZYfMYc=
go.uber.org/zap v1.27.1/go.mod h1:GB2qFLM7cTU87MWRP2mPIjqfIDnGu+VIO4V/SdhGo2E=
golang.org/x/exp v0.0.0-20240506185415-9bf2ced13842 h1:vr/HnozRka3pE4EsMEg1lgkXJkTFJCVUX+S/ZT6wYzM=
golang.org/x/exp v0.0.0-20240506185415-9bf2ced13842/go.mod h1:XtvwrStGgqGPLc4cjQfWqZHG1YFdYs6swckp8vpsjnc=
golang.org/x/sys v0.0.0-20210809222454-d867a43fc93e/go.mod h1:oPkhp1MJrh7nUepCBck5+mAzfO9JrbApNNgaTdGDITg=
golang.org/x/sys v0.6.0/go.mod h1:oPkhp1MJrh7nUepCBck5+mAzfO9JrbApNNgaTdGDITg=
golang.org/x/sys v0.39.0 h1:CvCKL8MeisomCi6qNZ+wbb0DN9E5AATixKsvNtMoMFk=
golang.org/x/sys v0.39.0/go.mod h1:OgkHotnGiDImocRcuBABYBEXf8A9a87e/uXjp9XT3ks=
golang.org/x/text v0.3.8 h1:nAL+RVCQ9uMn3vJZbV+MRnydTJFPf8qqY42YiA6MrqY=
golang.org/x/text v0.3.8/go.mod h1:E6s5w1FMmriuDzIBO73fBruAKo1PCIq6d2Q6DHfQ8WQ=
gopkg.in/yaml.v2 v2.4.0 h1:D8xgwECY7CYvx+Y2n4sBz93Jn9JRvxdiyyo8CTfuKaY=
gopkg.in/yaml.v2 v2.4.0/go.mod h1:RDklbk79AGWmwhnvt/jBztapEOGDOx6ZbXqjP6csGnQ=
gopkg.in/yaml.v3 v3.0.1 h1:fxVm/GzAzEWqLHuvctI91KS9hhNmmWOoWu0XTYJS7CA=
gopkg.in/yaml.v3 v3.0.1/go.mod h1:K4uyk7z7BCEPqu6E+C64Yfv1cQ7kz7rIZviUmN+EgEM=
